{
    "_readme": [
        "This file locks the dependencies of your project to a known state",
        "Read more about it at https://getcomposer.org/doc/01-basic-usage.md#composer-lock-the-lock-file",
        "This file is @generated automatically"
    ],
    "hash": "384b9fcee54d400b8028f9f53ce60472",
    "content-hash": "870482428b5dec5b312ae8ec752dde4e",
    "packages": [
        {
            "name": "erusev/parsedown",
            "version": "1.6.3",
            "source": {
                "type": "git",
                "url": "https://github.com/erusev/parsedown.git",
                "reference": "728952b90a333b5c6f77f06ea9422b94b585878d"
            },
            "dist": {
                "type": "zip",
                "url": "https://api.github.com/repos/erusev/parsedown/zipball/728952b90a333b5c6f77f06ea9422b94b585878d",
                "reference": "728952b90a333b5c6f77f06ea9422b94b585878d",
                "shasum": ""
            },
            "require": {
                "php": ">=5.3.0"
            },
            "type": "library",
            "autoload": {
                "psr-0": {
                    "Parsedown": ""
                }
            },
            "notification-url": "https://packagist.org/downloads/",
            "license": [
                "MIT"
            ],
            "authors": [
                {
                    "name": "Emanuil Rusev",
                    "email": "hello@erusev.com",
                    "homepage": "http://erusev.com"
                }
            ],
            "description": "Parser for Markdown.",
            "homepage": "http://parsedown.org",
            "keywords": [
                "markdown",
                "parser"
            ],
            "time": "2017-05-14 14:47:48"
        },
        {
            "name": "masteriv/framework",
            "version": "dev-master",
            "source": {
                "type": "git",
                "url": "https://github.com/MasterIV/framework.git",
                "reference": "126020d898b9b7b9434be11d49b961ac790f69b3"
            },
            "dist": {
                "type": "zip",
                "url": "https://api.github.com/repos/MasterIV/framework/zipball/126020d898b9b7b9434be11d49b961ac790f69b3",
                "reference": "126020d898b9b7b9434be11d49b961ac790f69b3",
                "shasum": ""
            },
            "require": {
                "php": ">=5.3.0"
            },
            "type": "library",
            "autoload": {
                "psr-4": {
                    "Iv\\Framework\\": "src/"
                }
            },
            "notification-url": "https://packagist.org/downloads/",
            "license": [
                "MIT"
            ],
            "authors": [
                {
                    "name": "Tobias Rojahn",
                    "email": "master_iv@web.de",
                    "homepage": "http://master-iv.info",
                    "role": "Developer"
                }
            ],
            "description": "Collection of perhaps useful Classes",
            "homepage": "http://master-iv.info",
            "time": "2014-12-23 13:39:40"
        },
        {
            "name": "twig/twig",
            "version": "1.x-dev",
            "source": {
                "type": "git",
                "url": "https://github.com/twigphp/Twig.git",
                "reference": "bf7bbf1e9371801240448387ee5a9e53f9157913"
            },
            "dist": {
                "type": "zip",
                "url": "https://api.github.com/repos/twigphp/Twig/zipball/bf7bbf1e9371801240448387ee5a9e53f9157913",
                "reference": "bf7bbf1e9371801240448387ee5a9e53f9157913",
                "shasum": ""
            },
            "require": {
                "php": ">=5.3.3"
            },
            "require-dev": {
                "psr/container": "^1.0",
                "symfony/debug": "~2.7",
                "symfony/phpunit-bridge": "~3.3@dev"
            },
            "type": "library",
            "extra": {
                "branch-alias": {
                    "dev-master": "1.35-dev"
                }
            },
            "autoload": {
                "psr-0": {
                    "Twig_": "lib/"
                },
                "psr-4": {
                    "Twig\\": "src/"
                }
            },
            "notification-url": "https://packagist.org/downloads/",
            "license": [
                "BSD-3-Clause"
            ],
            "authors": [
                {
                    "name": "Fabien Potencier",
                    "email": "fabien@symfony.com",
                    "homepage": "http://fabien.potencier.org",
                    "role": "Lead Developer"
                },
                {
                    "name": "Armin Ronacher",
                    "email": "armin.ronacher@active-4.com",
                    "role": "Project Founder"
                },
                {
                    "name": "Twig Team",
                    "homepage": "http://twig.sensiolabs.org/contributors",
                    "role": "Contributors"
                }
            ],
            "description": "Twig, the flexible, fast, and secure template language for PHP",
            "homepage": "http://twig.sensiolabs.org",
            "keywords": [
                "templating"
            ],
            "time": "2018-03-03 16:24:39"
        }
    ],
    "packages-dev": [],
    "aliases": [],
    "minimum-stability": "dev",
    "stability-flags": {
        "masteriv/framework": 20
    },
    "prefer-stable": false,
    "prefer-lowest": false,
    "platform": [],
    "platform-dev": []
}
